
Microsoft Visual Studio Solution File, Format Version 12.00
# Visual Studio 15
VisualStudioVersion = 15.0.26124.0
MinimumVisualStudioVersion = 15.0.26124.0
Project("{2150E333-8FDC-42A3-9474-1A3956D46DE8}") = "src", "src", "{E3463672-840E-452C-A3FC-0B7DA170D357}"
EndProject
Project("{2150E333-8FDC-42A3-9474-1A3956D46DE8}") = "test", "test", "{23271162-741E-48C6-B2C7-115CFEF39E31}"
EndProject
Project("{FAE04EC0-301F-11D3-BF4B-00C04F79EFBC}") = "Farmdeck-API", "src\Farmdeck-API\Farmdeck-API.csproj", "{60C38F95-AD91-43F8-BD32-4A6249B721BD}"
EndProject
Project("{FAE04EC0-301F-11D3-BF4B-00C04F79EFBC}") = "Farmdeck-API.Test", "test\Farmdeck-API.Test\Farmdeck-API.Test.csproj", "{0D2F8227-5CE4-4E21-9C7B-6EEE7DE0DE39}"
EndProject
Global
	GlobalSection(SolutionConfigurationPlatforms) = preSolution
		Debug|Any CPU = Debug|Any CPU
		Debug|x64 = Debug|x64
		Debug|x86 = Debug|x86
		Release|Any CPU = Release|Any CPU
		Release|x64 = Release|x64
		Release|x86 = Release|x86
	EndGlobalSection
	GlobalSection(SolutionProperties) = preSolution
		HideSolutionNode = FALSE
	EndGlobalSection
	GlobalSection(NestedProjects) = preSolution
		{60C38F95-AD91-43F8-BD32-4A6249B721BD} = {E3463672-840E-452C-A3FC-0B7DA170D357}
		{0D2F8227-5CE4-4E21-9C7B-6EEE7DE0DE39} = {23271162-741E-48C6-B2C7-115CFEF39E31}
	EndGlobalSection
	GlobalSection(ProjectConfigurationPlatforms) = postSolution
		{60C38F95-AD91-43F8-BD32-4A6249B721BD}.Debug|Any CPU.ActiveCfg = Debug|Any CPU
		{60C38F95-AD91-43F8-BD32-4A6249B721BD}.Debug|Any CPU.Build.0 = Debug|Any CPU
		{60C38F95-AD91-43F8-BD32-4A6249B721BD}.Debug|x64.ActiveCfg = Debug|Any CPU
		{60C38F95-AD91-43F8-BD32-4A6249B721BD}.Debug|x64.Build.0 = Debug|Any CPU
		{60C38F95-AD91-43F8-BD32-4A6249B721BD}.Debug|x86.ActiveCfg = Debug|Any CPU
		{60C38F95-AD91-43F8-BD32-4A6249B721BD}.Debug|x86.Build.0 = Debug|Any CPU
		{60C38F95-AD91-43F8-BD32-4A6249B721BD}.Release|Any CPU.ActiveCfg = Release|Any CPU
		{60C38F95-AD91-43F8-BD32-4A6249B721BD}.Release|Any CPU.Build.0 = Release|Any CPU
		{60C38F95-AD91-43F8-BD32-4A6249B721BD}.Release|x64.ActiveCfg = Release|Any CPU
		{60C38F95-AD91-43F8-BD32-4A6249B721BD}.Release|x64.Build.0 = Release|Any CPU
		{60C38F95-AD91-43F8-BD32-4A6249B721BD}.Release|x86.ActiveCfg = Release|Any CPU
		{60C38F95-AD91-43F8-BD32-4A6249B721BD}.Release|x86.Build.0 = Release|Any CPU
		{0D2F8227-5CE4-4E21-9C7B-6EEE7DE0DE39}.Debug|Any CPU.ActiveCfg = Debug|Any CPU
		{0D2F8227-5CE4-4E21-9C7B-6EEE7DE0DE39}.Debug|Any CPU.Build.0 = Debug|Any CPU
		{0D2F8227-5CE4-4E21-9C7B-6EEE7DE0DE39}.Debug|x64.ActiveCfg = Debug|Any CPU
		{0D2F8227-5CE4-4E21-9C7B-6EEE7DE0DE39}.Debug|x64.Build.0 = Debug|Any CPU
		{0D2F8227-5CE4-4E21-9C7B-6EEE7DE0DE39}.Debug|x86.ActiveCfg = Debug|Any CPU
		{0D2F8227-5CE4-4E21-9C7B-6EEE7DE0DE39}.Debug|x86.Build.0 = Debug|Any CPU
		{0D2F8227-5CE4-4E21-9C7B-6EEE7DE0DE39}.Release|Any CPU.ActiveCfg = Release|Any CPU
		{0D2F8227-5CE4-4E21-9C7B-6EEE7DE0DE39}.Release|Any CPU.Build.0 = Release|Any CPU
		{0D2F8227-5CE4-4E21-9C7B-6EEE7DE0DE39}.Release|x64.ActiveCfg = Release|Any CPU
		{0D2F8227-5CE4-4E21-9C7B-6EEE7DE0DE39}.Release|x64.Build.0 = Release|Any CPU
		{0D2F8227-5CE4-4E21-9C7B-6EEE7DE0DE39}.Release|x86.ActiveCfg = Release|Any CPU
		{0D2F8227-5CE4-4E21-9C7B-6EEE7DE0DE39}.Release|x86.Build.0 = Release|Any CPU
	EndGlobalSection
EndGlobal
